
Microsoft Visual Studio Solution File, Format Version 12.00
# Visual Studio 15
VisualStudioVersion = 15.0.28307.271
MinimumVisualStudioVersion = 10.0.40219.1
Project("{FAE04EC0-301F-11D3-BF4B-00C04F79EFBC}") = "Emp360", "Emp360\Emp360.csproj", "{B821DF60-CBE7-4972-93DC-EBDFBE251D31}"
EndProject
Global
	GlobalSection(SolutionConfigurationPlatforms) = preSolution
		Debug|Any CPU = Debug|Any CPU
		Release|Any CPU = Release|Any CPU
	EndGlobalSection
	GlobalSection(ProjectConfigurationPlatforms) = postSolution
		{B821DF60-CBE7-4972-93DC-EBDFBE251D31}.Debug|Any CPU.ActiveCfg = Debug|Any CPU
		{B821DF60-CBE7-4972-93DC-EBDFBE251D31}.Debug|Any CPU.Build.0 = Debug|Any CPU
		{B821DF60-CBE7-4972-93DC-EBDFBE251D31}.Release|Any CPU.ActiveCfg = Release|Any CPU
		{B821DF60-CBE7-4972-93DC-EBDFBE251D31}.Release|Any CPU.Build.0 = Release|Any CPU
	EndGlobalSection
	GlobalSection(SolutionProperties) = preSolution
		HideSolutionNode = FALSE
	EndGlobalSection
	GlobalSection(ExtensibilityGlobals) = postSolution
		SolutionGuid = {84CA84AE-1460-4FD9-A2BE-970B31537F3E}
	EndGlobalSection
EndGlobal
